
Microsoft Visual Studio Solution File, Format Version 12.00
# Visual Studio Version 17
VisualStudioVersion = 17.10.35013.160
MinimumVisualStudioVersion = 10.0.40219.1
Project("{FAE04EC0-301F-11D3-BF4B-00C04F79EFBC}") = "EmployeeManagementApi", "EmployeeManagementApi.csproj", "{8752A52B-F967-4425-A16F-676E313B0E8C}"
EndProject
Global
	GlobalSection(SolutionConfigurationPlatforms) = preSolution
		Debug|Any CPU = Debug|Any CPU
		Release|Any CPU = Release|Any CPU
	EndGlobalSection
	GlobalSection(ProjectConfigurationPlatforms) = postSolution
		{8752A52B-F967-4425-A16F-676E313B0E8C}.Debug|Any CPU.ActiveCfg = Debug|Any CPU
		{8752A52B-F967-4425-A16F-676E313B0E8C}.Debug|Any CPU.Build.0 = Debug|Any CPU
		{8752A52B-F967-4425-A16F-676E313B0E8C}.Release|Any CPU.ActiveCfg = Release|Any CPU
		{8752A52B-F967-4425-A16F-676E313B0E8C}.Release|Any CPU.Build.0 = Release|Any CPU
	EndGlobalSection
	GlobalSection(SolutionProperties) = preSolution
		HideSolutionNode = FALSE
	EndGlobalSection
	GlobalSection(ExtensibilityGlobals) = postSolution
		SolutionGuid = {6AFC5F2A-AA61-4873-BD0F-E9260F7DC299}
	EndGlobalSection
EndGlobal
